
Microsoft Visual Studio Solution File, Format Version 12.00
# Visual Studio Version 17
VisualStudioVersion = 17.9.34622.214
MinimumVisualStudioVersion = 10.0.40219.1
Project("{FAE04EC0-301F-11D3-BF4B-00C04F79EFBC}") = "CleanArchitectureApi", "CleanArchitectureApi.csproj", "{F41B59B9-8581-4D17-8FB8-A6E16C14B529}"
EndProject
Global
	GlobalSection(SolutionConfigurationPlatforms) = preSolution
		Debug|Any CPU = Debug|Any CPU
		Release|Any CPU = Release|Any CPU
	EndGlobalSection
	GlobalSection(ProjectConfigurationPlatforms) = postSolution
		{F41B59B9-8581-4D17-8FB8-A6E16C14B529}.Debug|Any CPU.ActiveCfg = Debug|Any CPU
		{F41B59B9-8581-4D17-8FB8-A6E16C14B529}.Debug|Any CPU.Build.0 = Debug|Any CPU
		{F41B59B9-8581-4D17-8FB8-A6E16C14B529}.Release|Any CPU.ActiveCfg = Release|Any CPU
		{F41B59B9-8581-4D17-8FB8-A6E16C14B529}.Release|Any CPU.Build.0 = Release|Any CPU
	EndGlobalSection
	GlobalSection(SolutionProperties) = preSolution
		HideSolutionNode = FALSE
	EndGlobalSection
	GlobalSection(ExtensibilityGlobals) = postSolution
		SolutionGuid = {F2E341C2-1392-4D53-8910-90E611B3EBB4}
	EndGlobalSection
EndGlobal
