
Microsoft Visual Studio Solution File, Format Version 12.00
# Visual Studio Version 17
VisualStudioVersion = 17.9.34622.214
MinimumVisualStudioVersion = 10.0.40219.1
Project("{FAE04EC0-301F-11D3-BF4B-00C04F79EFBC}") = "CleanArchitecture.Data", "src\CleanArchitecture\CleanArchitecture.Data\CleanArchitecture.Data.csproj", "{52B2B957-ADF9-4BE6-AE18-ACDFF5ACC8FB}"
EndProject
Global
	GlobalSection(SolutionConfigurationPlatforms) = preSolution
		Debug|Any CPU = Debug|Any CPU
		Release|Any CPU = Release|Any CPU
	EndGlobalSection
	GlobalSection(ProjectConfigurationPlatforms) = postSolution
		{52B2B957-ADF9-4BE6-AE18-ACDFF5ACC8FB}.Debug|Any CPU.ActiveCfg = Debug|Any CPU
		{52B2B957-ADF9-4BE6-AE18-ACDFF5ACC8FB}.Debug|Any CPU.Build.0 = Debug|Any CPU
		{52B2B957-ADF9-4BE6-AE18-ACDFF5ACC8FB}.Release|Any CPU.ActiveCfg = Release|Any CPU
		{52B2B957-ADF9-4BE6-AE18-ACDFF5ACC8FB}.Release|Any CPU.Build.0 = Release|Any CPU
	EndGlobalSection
	GlobalSection(SolutionProperties) = preSolution
		HideSolutionNode = FALSE
	EndGlobalSection
	GlobalSection(ExtensibilityGlobals) = postSolution
		SolutionGuid = {6D1FC2D8-6010-4BF4-9138-91F38CD0AF76}
	EndGlobalSection
EndGlobal
